{
  "name": "bgv",
  "lockfileVersion": 3,
  "requires": true,
  "packages": {
    "": {
      "dependencies": {
        "vue-echarts": "^6.5.2",
        "vue-google-charts": "^1.1.0"
      },
      "devDependencies": {
        "@nuxtjs/composition-api": "^0.33.1",
        "@vue/composition-api": "^1.7.1"
      }
    },
    "node_modules/@nuxtjs/composition-api": {
      "version": "0.33.1",
      "resolved": "https://registry.npmjs.org/@nuxtjs/composition-api/-/composition-api-0.33.1.tgz",
      "integrity": "sha512-dI0c5atKDsEIVycrsKw9T+aaos2VggscSJBPZpC1BXKzHR7+9Ilor+SHvnAEb5j2E2v+8x407Uo339oJzhlD1A==",
      "dev": true,
      "dependencies": {
        "defu": "^6.0.0",
        "estree-walker": "^2.0.2",
        "fs-extra": "^9.1.0",
        "magic-string": "^0.26.2",
        "pathe": "^0.3.3",
        "ufo": "^0.8.5"
      },
      "engines": {
        "node": ">=v14.13.0"
      },
      "peerDependencies": {
        "@nuxt/vue-app": "^2.15",
        "nuxt": "^2.15",
        "vue": "^2.7.8"
      }
    },
    "node_modules/@vue/composition-api": {
      "version": "1.7.1",
      "resolved": "https://registry.npmjs.org/@vue/composition-api/-/composition-api-1.7.1.tgz",
      "integrity": "sha512-xDWoEtxGXhH9Ku3ROYX/rzhcpt4v31hpPU5zF3UeVC/qxA3dChmqU8zvTUYoKh3j7rzpNsoFOwqsWG7XPMlaFA==",
      "dev": true,
      "peerDependencies": {
        "vue": ">= 2.5 < 2.7"
      }
    },
    "node_modules/at-least-node": {
      "version": "1.0.0",
      "resolved": "https://registry.npmjs.org/at-least-node/-/at-least-node-1.0.0.tgz",
      "integrity": "sha512-+q/t7Ekv1EDY2l6Gda6LLiX14rU9TV20Wa3ofeQmwPFZbOMo9DXrLbOjFaaclkXKWidIaopwAObQDqwWtGUjqg==",
      "dev": true,
      "engines": {
        "node": ">= 4.0.0"
      }
    },
    "node_modules/defu": {
      "version": "6.1.2",
      "resolved": "https://registry.npmjs.org/defu/-/defu-6.1.2.tgz",
      "integrity": "sha512-+uO4+qr7msjNNWKYPHqN/3+Dx3NFkmIzayk2L1MyZQlvgZb/J1A0fo410dpKrN2SnqFjt8n4JL8fDJE0wIgjFQ==",
      "dev": true
    },
    "node_modules/estree-walker": {
      "version": "2.0.2",
      "resolved": "https://registry.npmjs.org/estree-walker/-/estree-walker-2.0.2.tgz",
      "integrity": "sha512-Rfkk/Mp/DL7JVje3u18FxFujQlTNR2q6QfMSMB7AvCBx91NGj/ba3kCfza0f6dVDbw7YlRf/nDrn7pQrCCyQ/w==",
      "dev": true
    },
    "node_modules/fs-extra": {
      "version": "9.1.0",
      "resolved": "https://registry.npmjs.org/fs-extra/-/fs-extra-9.1.0.tgz",
      "integrity": "sha512-hcg3ZmepS30/7BSFqRvoo3DOMQu7IjqxO5nCDt+zM9XWjb33Wg7ziNT+Qvqbuc3+gWpzO02JubVyk2G4Zvo1OQ==",
      "dev": true,
      "dependencies": {
        "at-least-node": "^1.0.0",
        "graceful-fs": "^4.2.0",
        "jsonfile": "^6.0.1",
        "universalify": "^2.0.0"
      },
      "engines": {
        "node": ">=10"
      }
    },
    "node_modules/graceful-fs": {
      "version": "4.2.10",
      "resolved": "https://registry.npmjs.org/graceful-fs/-/graceful-fs-4.2.10.tgz",
      "integrity": "sha512-9ByhssR2fPVsNZj478qUUbKfmL0+t5BDVyjShtyZZLiK7ZDAArFFfopyOTj0M05wE2tJPisA4iTnnXl2YoPvOA==",
      "dev": true
    },
    "node_modules/jsonfile": {
      "version": "6.1.0",
      "resolved": "https://registry.npmjs.org/jsonfile/-/jsonfile-6.1.0.tgz",
      "integrity": "sha512-5dgndWOriYSm5cnYaJNhalLNDKOqFwyDB/rr1E9ZsGciGvKPs8R2xYGCacuf3z6K1YKDz182fd+fY3cn3pMqXQ==",
      "dev": true,
      "dependencies": {
        "universalify": "^2.0.0"
      },
      "optionalDependencies": {
        "graceful-fs": "^4.1.6"
      }
    },
    "node_modules/magic-string": {
      "version": "0.26.7",
      "resolved": "https://registry.npmjs.org/magic-string/-/magic-string-0.26.7.tgz",
      "integrity": "sha512-hX9XH3ziStPoPhJxLq1syWuZMxbDvGNbVchfrdCtanC7D13888bMFow61x8axrx+GfHLtVeAx2kxL7tTGRl+Ow==",
      "dev": true,
      "dependencies": {
        "sourcemap-codec": "^1.4.8"
      },
      "engines": {
        "node": ">=12"
      }
    },
    "node_modules/pathe": {
      "version": "0.3.9",
      "resolved": "https://registry.npmjs.org/pathe/-/pathe-0.3.9.tgz",
      "integrity": "sha512-6Y6s0vT112P3jD8dGfuS6r+lpa0qqNrLyHPOwvXMnyNTQaYiwgau2DP3aNDsR13xqtGj7rrPo+jFUATpU6/s+g==",
      "dev": true
    },
    "node_modules/resize-detector": {
      "version": "0.3.0",
      "resolved": "https://registry.npmjs.org/resize-detector/-/resize-detector-0.3.0.tgz",
      "integrity": "sha512-R/tCuvuOHQ8o2boRP6vgx8hXCCy87H1eY9V5imBYeVNyNVpuL9ciReSccLj2gDcax9+2weXy3bc8Vv+NRXeEvQ=="
    },
    "node_modules/sourcemap-codec": {
      "version": "1.4.8",
      "resolved": "https://registry.npmjs.org/sourcemap-codec/-/sourcemap-codec-1.4.8.tgz",
      "integrity": "sha512-9NykojV5Uih4lgo5So5dtw+f0JgJX30KCNI8gwhz2J9A15wD0Ml6tjHKwf6fTSa6fAdVBdZeNOs9eJ71qCk8vA==",
      "deprecated": "Please use @jridgewell/sourcemap-codec instead",
      "dev": true
    },
    "node_modules/ufo": {
      "version": "0.8.6",
      "resolved": "https://registry.npmjs.org/ufo/-/ufo-0.8.6.tgz",
      "integrity": "sha512-fk6CmUgwKCfX79EzcDQQpSCMxrHstvbLswFChHS0Vump+kFkw7nJBfTZoC1j0bOGoY9I7R3n2DGek5ajbcYnOw==",
      "dev": true
    },
    "node_modules/universalify": {
      "version": "2.0.0",
      "resolved": "https://registry.npmjs.org/universalify/-/universalify-2.0.0.tgz",
      "integrity": "sha512-hAZsKq7Yy11Zu1DE0OzWjw7nnLZmJZYTDZZyEFHZdUhV8FkH5MCfoU1XMaxXovpyW5nq5scPqq0ZDP9Zyl04oQ==",
      "dev": true,
      "engines": {
        "node": ">= 10.0.0"
      }
    },
    "node_modules/vue-demi": {
      "version": "0.13.11",
      "resolved": "https://registry.npmjs.org/vue-demi/-/vue-demi-0.13.11.tgz",
      "integrity": "sha512-IR8HoEEGM65YY3ZJYAjMlKygDQn25D5ajNFNoKh9RSDMQtlzCxtfQjdQgv9jjK+m3377SsJXY8ysq8kLCZL25A==",
      "hasInstallScript": true,
      "bin": {
        "vue-demi-fix": "bin/vue-demi-fix.js",
        "vue-demi-switch": "bin/vue-demi-switch.js"
      },
      "engines": {
        "node": ">=12"
      },
      "funding": {
        "url": "https://github.com/sponsors/antfu"
      },
      "peerDependencies": {
        "@vue/composition-api": "^1.0.0-rc.1",
        "vue": "^3.0.0-0 || ^2.6.0"
      },
      "peerDependenciesMeta": {
        "@vue/composition-api": {
          "optional": true
        }
      }
    },
    "node_modules/vue-echarts": {
      "version": "6.5.2",
      "resolved": "https://registry.npmjs.org/vue-echarts/-/vue-echarts-6.5.2.tgz",
      "integrity": "sha512-8NCVTX6aGCR2VPxm4P/Nm3k4sx1rsocCTTf4m0C9d3Q17WgXxB2tcYixQYV0tQNY1f16Z3yS6iLlmc8zV0j/kg==",
      "hasInstallScript": true,
      "dependencies": {
        "resize-detector": "^0.3.0",
        "vue-demi": "^0.13.2"
      },
      "peerDependencies": {
        "@vue/composition-api": "^1.0.5",
        "echarts": "^5.4.1",
        "vue": "^2.6.12 || ^3.1.1"
      },
      "peerDependenciesMeta": {
        "@vue/composition-api": {
          "optional": true
        }
      }
    },
    "node_modules/vue-google-charts": {
      "version": "1.1.0",
      "resolved": "https://registry.npmjs.org/vue-google-charts/-/vue-google-charts-1.1.0.tgz",
      "integrity": "sha512-wGAgAynIIUKmP5eJUFlx69e8gjIDpyqHlVsvFyrnd2tGZk3a6FI83dRhdssxPyOc9y41+2QEfqUV9SsR+n6s5A==",
      "peerDependencies": {
        "vue": "^3.0.0-0 || ^2.6.0"
      }
    }
  }
}
